
Microsoft Visual Studio Solution File, Format Version 12.00
# Visual Studio Version 16
VisualStudioVersion = 25.0.1706.14
MinimumVisualStudioVersion = 10.0.40219.1
Project("{FAE04EC0-301F-11D3-BF4B-00C04F79EFBC}") = "QuestionProConsole", "QuestionProConsole\QuestionProConsole.csproj", "{35E41EBB-0C6A-4F96-9427-47AE311BA64C}"
EndProject
Global
	GlobalSection(SolutionConfigurationPlatforms) = preSolution
		Debug|Any CPU = Debug|Any CPU
		Release|Any CPU = Release|Any CPU
	EndGlobalSection
	GlobalSection(ProjectConfigurationPlatforms) = postSolution
		{35E41EBB-0C6A-4F96-9427-47AE311BA64C}.Debug|Any CPU.ActiveCfg = Debug|Any CPU
		{35E41EBB-0C6A-4F96-9427-47AE311BA64C}.Debug|Any CPU.Build.0 = Debug|Any CPU
		{35E41EBB-0C6A-4F96-9427-47AE311BA64C}.Release|Any CPU.ActiveCfg = Release|Any CPU
		{35E41EBB-0C6A-4F96-9427-47AE311BA64C}.Release|Any CPU.Build.0 = Release|Any CPU
	EndGlobalSection
	GlobalSection(SolutionProperties) = preSolution
		HideSolutionNode = FALSE
	EndGlobalSection
	GlobalSection(ExtensibilityGlobals) = postSolution
		SolutionGuid = {0B881DDA-CE70-402F-AC7B-5ACD4068498E}
	EndGlobalSection
EndGlobal
